PODS:
  - Alamofire (4.9.1)
  - IQKeyboardManagerSwift (6.5.6)
  - Kingfisher (4.10.1)
  - Moya/Core (13.0.1):
    - Alamofire (~> 4.1)
    - Result (~> 4.1)
  - Moya/RxSwift (13.0.1):
    - Moya/Core
    - RxSwift (~> 4.0)
  - ObjectMapper (4.2.0)
  - Result (4.1.0)
  - RxCocoa (4.5.0):
    - RxSwift (>= 4.4.2, ~> 4.4)
  - RxSwift (4.5.0)
  - SnapKit (4.2.0)
  - Toast-Swift (5.0.1)
  - URLNavigator (2.3.0)

DEPENDENCIES:
  - IQKeyboardManagerSwift
  - Kingfisher
  - Moya/RxSwift
  - ObjectMapper
  - RxCocoa
  - SnapKit
  - Toast-Swift
  - URLNavigator

SPEC REPOS:
  trunk:
    - Alamofire
    - IQKeyboardManagerSwift
    - Kingfisher
    - Moya
    - ObjectMapper
    - Result
    - RxCocoa
    - RxSwift
    - SnapKit
    - Toast-Swift
    - URLNavigator

SPEC CHECKSUMS:
  Alamofire: 85e8a02c69d6020a0d734f6054870d7ecb75cf18
  IQKeyboardManagerSwift: c7df9d2deb356c04522f5c4b7b6e4ce4d8ed94fe
  Kingfisher: c148cd7b47ebde9989f6bc7c27dcaa79d81279a0
  Moya: f4a4b80ff2f8a4ffc208dfb31cd91636622fee6e
  ObjectMapper: 1eb41f610210777375fa806bf161dc39fb832b81
  Result: bd966fac789cc6c1563440b348ab2598cc24d5c7
  RxCocoa: cbf70265dc65a981d4ac982e513c10cf23df24a0
  RxSwift: f172070dfd1a93d70a9ab97a5a01166206e1c575
  SnapKit: fe8a619752f3f27075cc9a90244d75c6c3f27e2a
  Toast-Swift: 9b6a70f28b3bf0b96c40d46c0c4b9d6639846711
  URLNavigator: 2593c0e2d293732ec5c44503cf54dceba1a68085

PODFILE CHECKSUM: 3b25ddf262839e4f08a562273e1a3ec952eca6ef

COCOAPODS: 1.9.1
