// !$*UTF8*$!
{
	archiveVersion = 1;
	classes = {
	};
	objectVersion = 51;
	objects = {

/* Begin PBXBuildFile section */
		6C655A0125B56587002910C4 /* Navigator.swift in Sources */ = {isa = PBXBuildFile; fileRef = 6C655A0025B56587002910C4 /* Navigator.swift */; };
		6C655A0925B56AEA002910C4 /* HomeTabBarController.swift in Sources */ = {isa = PBXBuildFile; fileRef = 6C655A0825B56AEA002910C4 /* HomeTabBarController.swift */; };
		6C655A0F25B56B9D002910C4 /* ViewModel.swift in Sources */ = {isa = PBXBuildFile; fileRef = 6C655A0E25B56B9D002910C4 /* ViewModel.swift */; };
		6C655A1725B56BC7002910C4 /* HomeTabBarViewModel.swift in Sources */ = {isa = PBXBuildFile; fileRef = 6C655A1625B56BC7002910C4 /* HomeTabBarViewModel.swift */; };
		6C655A1F25B57E82002910C4 /* NavigationController.swift in Sources */ = {isa = PBXBuildFile; fileRef = 6C655A1E25B57E82002910C4 /* NavigationController.swift */; };
		6C66ABC425809F130096D6F3 /* PeopleListViewModel.swift in Sources */ = {isa = PBXBuildFile; fileRef = 6C66ABC325809F130096D6F3 /* PeopleListViewModel.swift */; };
		6C66ABC925809F280096D6F3 /* PeopleModel.swift in Sources */ = {isa = PBXBuildFile; fileRef = 6C66ABC825809F280096D6F3 /* PeopleModel.swift */; };
		6CC4EBD225B9256B0003750D /* ViewController.swift in Sources */ = {isa = PBXBuildFile; fileRef = 6CC4EBD125B9256B0003750D /* ViewController.swift */; };
		6CC4EC0825BE9CAF0003750D /* Category.swift in Sources */ = {isa = PBXBuildFile; fileRef = 6CC4EC0725BE9CAF0003750D /* Category.swift */; };
		6CD3ACE125C2B061008F9C57 /* Networking.swift in Sources */ = {isa = PBXBuildFile; fileRef = 6CD3ACE025C2B061008F9C57 /* Networking.swift */; };
		6CFC22DE2577691600398FD0 /* AppDelegate.swift in Sources */ = {isa = PBXBuildFile; fileRef = 6CFC22DD2577691600398FD0 /* AppDelegate.swift */; };
		6CFC22E72577691800398FD0 /* Assets.xcassets in Resources */ = {isa = PBXBuildFile; fileRef = 6CFC22E62577691800398FD0 /* Assets.xcassets */; };
		6CFC22EA2577691800398FD0 /* LaunchScreen.storyboard in Resources */ = {isa = PBXBuildFile; fileRef = 6CFC22E82577691800398FD0 /* LaunchScreen.storyboard */; };
		6CFC22F52577691800398FD0 /* GoReadTests.swift in Sources */ = {isa = PBXBuildFile; fileRef = 6CFC22F42577691800398FD0 /* GoReadTests.swift */; };
		6CFC23002577691800398FD0 /* GoReadUITests.swift in Sources */ = {isa = PBXBuildFile; fileRef = 6CFC22FF2577691800398FD0 /* GoReadUITests.swift */; };
		6CFD23EE2587688600288BA8 /* NetworkReachability.swift in Sources */ = {isa = PBXBuildFile; fileRef = 6CFD23ED2587688600288BA8 /* NetworkReachability.swift */; };
		6CFD23F42588A4E900288BA8 /* Macros.swift in Sources */ = {isa = PBXBuildFile; fileRef = 6CFD23F32588A4E900288BA8 /* Macros.swift */; };
		6CFD23FF2588A52800288BA8 /* NetworkAPI.swift in Sources */ = {isa = PBXBuildFile; fileRef = 6CFD23FB2588A52700288BA8 /* NetworkAPI.swift */; };
		6CFD24012588A52800288BA8 /* APIProtocol.swift in Sources */ = {isa = PBXBuildFile; fileRef = 6CFD23FD2588A52700288BA8 /* APIProtocol.swift */; };
		8F2AA9D261888C3C48F060D5 /* Pods_GoRead.framework in Frameworks */ = {isa = PBXBuildFile; fileRef = 078E763B112B2D60EB57ADC7 /* Pods_GoRead.framework */; };
/* End PBXBuildFile section */

/* Begin PBXContainerItemProxy section */
		6CFC22F12577691800398FD0 /* PBXContainerItemProxy */ = {
			isa = PBXContainerItemProxy;
			containerPortal = 6CFC22D22577691600398FD0 /* Project object */;
			proxyType = 1;
			remoteGlobalIDString = 6CFC22D92577691600398FD0;
			remoteInfo = GoRead;
		};
		6CFC22FC2577691800398FD0 /* PBXContainerItemProxy */ = {
			isa = PBXContainerItemProxy;
			containerPortal = 6CFC22D22577691600398FD0 /* Project object */;
			proxyType = 1;
			remoteGlobalIDString = 6CFC22D92577691600398FD0;
			remoteInfo = GoRead;
		};
/* End PBXContainerItemProxy section */

/* Begin PBXFileReference section */
		078E763B112B2D60EB57ADC7 /* Pods_GoRead.framework */ = {isa = PBXFileReference; explicitFileType = wrapper.framework; includeInIndex = 0; path = Pods_GoRead.framework; sourceTree = BUILT_PRODUCTS_DIR; };
		437318962E66D7A0A14758F9 /* Pods-GoRead.debug.xcconfig */ = {isa = PBXFileReference; includeInIndex = 1; lastKnownFileType = text.xcconfig; name = "Pods-GoRead.debug.xcconfig"; path = "Target Support Files/Pods-GoRead/Pods-GoRead.debug.xcconfig"; sourceTree = "<group>"; };
		6AA5067F4EA58B653357365D /* Pods-GoRead.release.xcconfig */ = {isa = PBXFileReference; includeInIndex = 1; lastKnownFileType = text.xcconfig; name = "Pods-GoRead.release.xcconfig"; path = "Target Support Files/Pods-GoRead/Pods-GoRead.release.xcconfig"; sourceTree = "<group>"; };
		6C655A0025B56587002910C4 /* Navigator.swift */ = {isa = PBXFileReference; lastKnownFileType = sourcecode.swift; path = Navigator.swift; sourceTree = "<group>"; };
		6C655A0825B56AEA002910C4 /* HomeTabBarController.swift */ = {isa = PBXFileReference; lastKnownFileType = sourcecode.swift; path = HomeTabBarController.swift; sourceTree = "<group>"; };
		6C655A0E25B56B9D002910C4 /* ViewModel.swift */ = {isa = PBXFileReference; lastKnownFileType = sourcecode.swift; path = ViewModel.swift; sourceTree = "<group>"; };
		6C655A1625B56BC7002910C4 /* HomeTabBarViewModel.swift */ = {isa = PBXFileReference; lastKnownFileType = sourcecode.swift; path = HomeTabBarViewModel.swift; sourceTree = "<group>"; };
		6C655A1E25B57E82002910C4 /* NavigationController.swift */ = {isa = PBXFileReference; lastKnownFileType = sourcecode.swift; path = NavigationController.swift; sourceTree = "<group>"; };
		6C66ABC325809F130096D6F3 /* PeopleListViewModel.swift */ = {isa = PBXFileReference; lastKnownFileType = sourcecode.swift; path = PeopleListViewModel.swift; sourceTree = "<group>"; };
		6C66ABC825809F280096D6F3 /* PeopleModel.swift */ = {isa = PBXFileReference; lastKnownFileType = sourcecode.swift; path = PeopleModel.swift; sourceTree = "<group>"; };
		6CC4EBD125B9256B0003750D /* ViewController.swift */ = {isa = PBXFileReference; lastKnownFileType = sourcecode.swift; path = ViewController.swift; sourceTree = "<group>"; };
		6CC4EC0725BE9CAF0003750D /* Category.swift */ = {isa = PBXFileReference; lastKnownFileType = sourcecode.swift; path = Category.swift; sourceTree = "<group>"; };
		6CD3ACE025C2B061008F9C57 /* Networking.swift */ = {isa = PBXFileReference; lastKnownFileType = sourcecode.swift; path = Networking.swift; sourceTree = "<group>"; };
		6CFC22DA2577691600398FD0 /* GoRead.app */ = {isa = PBXFileReference; explicitFileType = wrapper.application; includeInIndex = 0; path = GoRead.app; sourceTree = BUILT_PRODUCTS_DIR; };
		6CFC22DD2577691600398FD0 /* AppDelegate.swift */ = {isa = PBXFileReference; lastKnownFileType = sourcecode.swift; path = AppDelegate.swift; sourceTree = "<group>"; };
		6CFC22E62577691800398FD0 /* Assets.xcassets */ = {isa = PBXFileReference; lastKnownFileType = folder.assetcatalog; path = Assets.xcassets; sourceTree = "<group>"; };
		6CFC22E92577691800398FD0 /* Base */ = {isa = PBXFileReference; lastKnownFileType = file.storyboard; name = Base; path = Base.lproj/LaunchScreen.storyboard; sourceTree = "<group>"; };
		6CFC22EB2577691800398FD0 /* Info.plist */ = {isa = PBXFileReference; lastKnownFileType = text.plist.xml; path = Info.plist; sourceTree = "<group>"; };
		6CFC22F02577691800398FD0 /* GoReadTests.xctest */ = {isa = PBXFileReference; explicitFileType = wrapper.cfbundle; includeInIndex = 0; path = GoReadTests.xctest; sourceTree = BUILT_PRODUCTS_DIR; };
		6CFC22F42577691800398FD0 /* GoReadTests.swift */ = {isa = PBXFileReference; lastKnownFileType = sourcecode.swift; path = GoReadTests.swift; sourceTree = "<group>"; };
		6CFC22F62577691800398FD0 /* Info.plist */ = {isa = PBXFileReference; lastKnownFileType = text.plist.xml; path = Info.plist; sourceTree = "<group>"; };
		6CFC22FB2577691800398FD0 /* GoReadUITests.xctest */ = {isa = PBXFileReference; explicitFileType = wrapper.cfbundle; includeInIndex = 0; path = GoReadUITests.xctest; sourceTree = BUILT_PRODUCTS_DIR; };
		6CFC22FF2577691800398FD0 /* GoReadUITests.swift */ = {isa = PBXFileReference; lastKnownFileType = sourcecode.swift; path = GoReadUITests.swift; sourceTree = "<group>"; };
		6CFC23012577691800398FD0 /* Info.plist */ = {isa = PBXFileReference; lastKnownFileType = text.plist.xml; path = Info.plist; sourceTree = "<group>"; };
		6CFD23ED2587688600288BA8 /* NetworkReachability.swift */ = {isa = PBXFileReference; lastKnownFileType = sourcecode.swift; path = NetworkReachability.swift; sourceTree = "<group>"; };
		6CFD23F32588A4E900288BA8 /* Macros.swift */ = {isa = PBXFileReference; lastKnownFileType = sourcecode.swift; path = Macros.swift; sourceTree = "<group>"; };
		6CFD23FB2588A52700288BA8 /* NetworkAPI.swift */ = {isa = PBXFileReference; fileEncoding = 4; lastKnownFileType = sourcecode.swift; path = NetworkAPI.swift; sourceTree = "<group>"; };
		6CFD23FD2588A52700288BA8 /* APIProtocol.swift */ = {isa = PBXFileReference; fileEncoding = 4; lastKnownFileType = sourcecode.swift; path = APIProtocol.swift; sourceTree = "<group>"; };
/* End PBXFileReference section */

/* Begin PBXFrameworksBuildPhase section */
		6CFC22D72577691600398FD0 /* Frameworks */ = {
			isa = PBXFrameworksBuildPhase;
			buildActionMask = 2147483647;
			files = (
				8F2AA9D261888C3C48F060D5 /* Pods_GoRead.framework in Frameworks */,
			);
			runOnlyForDeploymentPostprocessing = 0;
		};
		6CFC22ED2577691800398FD0 /* Frameworks */ = {
			isa = PBXFrameworksBuildPhase;
			buildActionMask = 2147483647;
			files = (
			);
			runOnlyForDeploymentPostprocessing = 0;
		};
		6CFC22F82577691800398FD0 /* Frameworks */ = {
			isa = PBXFrameworksBuildPhase;
			buildActionMask = 2147483647;
			files = (
			);
			runOnlyForDeploymentPostprocessing = 0;
		};
/* End PBXFrameworksBuildPhase section */

/* Begin PBXGroup section */
		6C65598525AFEA02002910C4 /* Resource */ = {
			isa = PBXGroup;
			children = (
				6CFC22E62577691800398FD0 /* Assets.xcassets */,
				6CFC22E82577691800398FD0 /* LaunchScreen.storyboard */,
				6CFC22EB2577691800398FD0 /* Info.plist */,
			);
			path = Resource;
			sourceTree = "<group>";
		};
		6C65598625AFEA95002910C4 /* Application */ = {
			isa = PBXGroup;
			children = (
				6CFC22DD2577691600398FD0 /* AppDelegate.swift */,
				6C655A0025B56587002910C4 /* Navigator.swift */,
			);
			path = Application;
			sourceTree = "<group>";
		};
		6C65598A25AFED3F002910C4 /* Module */ = {
			isa = PBXGroup;
			children = (
				6C65598C25AFED66002910C4 /* Main */,
				6C65598B25AFED5A002910C4 /* BookStack */,
				6C6559FE25B5636C002910C4 /* BookStore */,
				6C6559FF25B56382002910C4 /* PersonalCenter */,
			);
			path = Module;
			sourceTree = "<group>";
		};
		6C65598B25AFED5A002910C4 /* BookStack */ = {
			isa = PBXGroup;
			children = (
			);
			path = BookStack;
			sourceTree = "<group>";
		};
		6C65598C25AFED66002910C4 /* Main */ = {
			isa = PBXGroup;
			children = (
				6C66ABBE25809BA00096D6F3 /* Model */,
				6C66ABBD25809B9A0096D6F3 /* ViewModel */,
				6C66ABBF25809BA50096D6F3 /* View */,
				6C66ABBC25809B8F0096D6F3 /* ViewController */,
			);
			path = Main;
			sourceTree = "<group>";
		};
		6C6559FE25B5636C002910C4 /* BookStore */ = {
			isa = PBXGroup;
			children = (
			);
			path = BookStore;
			sourceTree = "<group>";
		};
		6C6559FF25B56382002910C4 /* PersonalCenter */ = {
			isa = PBXGroup;
			children = (
			);
			path = PersonalCenter;
			sourceTree = "<group>";
		};
		6C655A0D25B56B4A002910C4 /* Common */ = {
			isa = PBXGroup;
			children = (
				6C655A0E25B56B9D002910C4 /* ViewModel.swift */,
				6C655A1E25B57E82002910C4 /* NavigationController.swift */,
				6CC4EBD125B9256B0003750D /* ViewController.swift */,
			);
			path = Common;
			sourceTree = "<group>";
		};
		6C66ABBC25809B8F0096D6F3 /* ViewController */ = {
			isa = PBXGroup;
			children = (
				6C655A0825B56AEA002910C4 /* HomeTabBarController.swift */,
			);
			path = ViewController;
			sourceTree = "<group>";
		};
		6C66ABBD25809B9A0096D6F3 /* ViewModel */ = {
			isa = PBXGroup;
			children = (
				6C66ABC325809F130096D6F3 /* PeopleListViewModel.swift */,
				6C655A1625B56BC7002910C4 /* HomeTabBarViewModel.swift */,
			);
			path = ViewModel;
			sourceTree = "<group>";
		};
		6C66ABBE25809BA00096D6F3 /* Model */ = {
			isa = PBXGroup;
			children = (
				6C66ABC825809F280096D6F3 /* PeopleModel.swift */,
			);
			path = Model;
			sourceTree = "<group>";
		};
		6C66ABBF25809BA50096D6F3 /* View */ = {
			isa = PBXGroup;
			children = (
			);
			path = View;
			sourceTree = "<group>";
		};
		6CC4EC0625BE9C7D0003750D /* Model */ = {
			isa = PBXGroup;
			children = (
				6CC4EC0725BE9CAF0003750D /* Category.swift */,
			);
			path = Model;
			sourceTree = "<group>";
		};
		6CFC22D12577691600398FD0 = {
			isa = PBXGroup;
			children = (
				6CFC22DC2577691600398FD0 /* GoRead */,
				6CFC22F32577691800398FD0 /* GoReadTests */,
				6CFC22FE2577691800398FD0 /* GoReadUITests */,
				6CFC22DB2577691600398FD0 /* Products */,
				CFC2EEE372C0C22C717430E8 /* Pods */,
				9E315A7BB9680D79C2C1A7AF /* Frameworks */,
			);
			sourceTree = "<group>";
		};
		6CFC22DB2577691600398FD0 /* Products */ = {
			isa = PBXGroup;
			children = (
				6CFC22DA2577691600398FD0 /* GoRead.app */,
				6CFC22F02577691800398FD0 /* GoReadTests.xctest */,
				6CFC22FB2577691800398FD0 /* GoReadUITests.xctest */,
			);
			name = Products;
			sourceTree = "<group>";
		};
		6CFC22DC2577691600398FD0 /* GoRead */ = {
			isa = PBXGroup;
			children = (
				6C65598625AFEA95002910C4 /* Application */,
				6C655A0D25B56B4A002910C4 /* Common */,
				6CC4EC0625BE9C7D0003750D /* Model */,
				6C65598A25AFED3F002910C4 /* Module */,
				6CFD23EC258767DE00288BA8 /* Network */,
				6CFD23F22588A4A500288BA8 /* Macros */,
				6CFD24092588B2F700288BA8 /* Extensions */,
				6C65598525AFEA02002910C4 /* Resource */,
			);
			path = GoRead;
			sourceTree = "<group>";
		};
		6CFC22F32577691800398FD0 /* GoReadTests */ = {
			isa = PBXGroup;
			children = (
				6CFC22F42577691800398FD0 /* GoReadTests.swift */,
				6CFC22F62577691800398FD0 /* Info.plist */,
			);
			path = GoReadTests;
			sourceTree = "<group>";
		};
		6CFC22FE2577691800398FD0 /* GoReadUITests */ = {
			isa = PBXGroup;
			children = (
				6CFC22FF2577691800398FD0 /* GoReadUITests.swift */,
				6CFC23012577691800398FD0 /* Info.plist */,
			);
			path = GoReadUITests;
			sourceTree = "<group>";
		};
		6CFD23EC258767DE00288BA8 /* Network */ = {
			isa = PBXGroup;
			children = (
				6CFD23ED2587688600288BA8 /* NetworkReachability.swift */,
				6CFD23FD2588A52700288BA8 /* APIProtocol.swift */,
				6CFD23FB2588A52700288BA8 /* NetworkAPI.swift */,
				6CD3ACE025C2B061008F9C57 /* Networking.swift */,
			);
			path = Network;
			sourceTree = "<group>";
		};
		6CFD23F22588A4A500288BA8 /* Macros */ = {
			isa = PBXGroup;
			children = (
				6CFD23F32588A4E900288BA8 /* Macros.swift */,
			);
			path = Macros;
			sourceTree = "<group>";
		};
		6CFD24092588B2F700288BA8 /* Extensions */ = {
			isa = PBXGroup;
			children = (
				6CFD24122588B34C00288BA8 /* RxSwift */,
			);
			path = Extensions;
			sourceTree = "<group>";
		};
		6CFD24122588B34C00288BA8 /* RxSwift */ = {
			isa = PBXGroup;
			children = (
			);
			path = RxSwift;
			sourceTree = "<group>";
		};
		9E315A7BB9680D79C2C1A7AF /* Frameworks */ = {
			isa = PBXGroup;
			children = (
				078E763B112B2D60EB57ADC7 /* Pods_GoRead.framework */,
			);
			name = Frameworks;
			sourceTree = "<group>";
		};
		CFC2EEE372C0C22C717430E8 /* Pods */ = {
			isa = PBXGroup;
			children = (
				437318962E66D7A0A14758F9 /* Pods-GoRead.debug.xcconfig */,
				6AA5067F4EA58B653357365D /* Pods-GoRead.release.xcconfig */,
			);
			path = Pods;
			sourceTree = "<group>";
		};
/* End PBXGroup section */

/* Begin PBXNativeTarget section */
		6CFC22D92577691600398FD0 /* GoRead */ = {
			isa = PBXNativeTarget;
			buildConfigurationList = 6CFC23042577691800398FD0 /* Build configuration list for PBXNativeTarget "GoRead" */;
			buildPhases = (
				4A8AEBADA0968DDCC4D1ABC5 /* [CP] Check Pods Manifest.lock */,
				6CFC22D62577691600398FD0 /* Sources */,
				6CFC22D72577691600398FD0 /* Frameworks */,
				6CFC22D82577691600398FD0 /* Resources */,
				FAD3651778FC63454BC20EE6 /* [CP] Embed Pods Frameworks */,
			);
			buildRules = (
			);
			dependencies = (
			);
			name = GoRead;
			productName = GoRead;
			productReference = 6CFC22DA2577691600398FD0 /* GoRead.app */;
			productType = "com.apple.product-type.application";
		};
		6CFC22EF2577691800398FD0 /* GoReadTests */ = {
			isa = PBXNativeTarget;
			buildConfigurationList = 6CFC23072577691800398FD0 /* Build configuration list for PBXNativeTarget "GoReadTests" */;
			buildPhases = (
				6CFC22EC2577691800398FD0 /* Sources */,
				6CFC22ED2577691800398FD0 /* Frameworks */,
				6CFC22EE2577691800398FD0 /* Resources */,
			);
			buildRules = (
			);
			dependencies = (
				6CFC22F22577691800398FD0 /* PBXTargetDependency */,
			);
			name = GoReadTests;
			productName = GoReadTests;
			productReference = 6CFC22F02577691800398FD0 /* GoReadTests.xctest */;
			productType = "com.apple.product-type.bundle.unit-test";
		};
		6CFC22FA2577691800398FD0 /* GoReadUITests */ = {
			isa = PBXNativeTarget;
			buildConfigurationList = 6CFC230A2577691800398FD0 /* Build configuration list for PBXNativeTarget "GoReadUITests" */;
			buildPhases = (
				6CFC22F72577691800398FD0 /* Sources */,
				6CFC22F82577691800398FD0 /* Frameworks */,
				6CFC22F92577691800398FD0 /* Resources */,
			);
			buildRules = (
			);
			dependencies = (
				6CFC22FD2577691800398FD0 /* PBXTargetDependency */,
			);
			name = GoReadUITests;
			productName = GoReadUITests;
			productReference = 6CFC22FB2577691800398FD0 /* GoReadUITests.xctest */;
			productType = "com.apple.product-type.bundle.ui-testing";
		};
/* End PBXNativeTarget section */

/* Begin PBXProject section */
		6CFC22D22577691600398FD0 /* Project object */ = {
			isa = PBXProject;
			attributes = {
				LastSwiftUpdateCheck = 1220;
				LastUpgradeCheck = 1220;
				TargetAttributes = {
					6CFC22D92577691600398FD0 = {
						CreatedOnToolsVersion = 12.2;
					};
					6CFC22EF2577691800398FD0 = {
						CreatedOnToolsVersion = 12.2;
						TestTargetID = 6CFC22D92577691600398FD0;
					};
					6CFC22FA2577691800398FD0 = {
						CreatedOnToolsVersion = 12.2;
						TestTargetID = 6CFC22D92577691600398FD0;
					};
				};
			};
			buildConfigurationList = 6CFC22D52577691600398FD0 /* Build configuration list for PBXProject "GoRead" */;
			compatibilityVersion = "Xcode 9.3";
			developmentRegion = en;
			hasScannedForEncodings = 0;
			knownRegions = (
				en,
				Base,
			);
			mainGroup = 6CFC22D12577691600398FD0;
			productRefGroup = 6CFC22DB2577691600398FD0 /* Products */;
			projectDirPath = "";
			projectRoot = "";
			targets = (
				6CFC22D92577691600398FD0 /* GoRead */,
				6CFC22EF2577691800398FD0 /* GoReadTests */,
				6CFC22FA2577691800398FD0 /* GoReadUITests */,
			);
		};
/* End PBXProject section */

/* Begin PBXResourcesBuildPhase section */
		6CFC22D82577691600398FD0 /* Resources */ = {
			isa = PBXResourcesBuildPhase;
			buildActionMask = 2147483647;
			files = (
				6CFC22EA2577691800398FD0 /* LaunchScreen.storyboard in Resources */,
				6CFC22E72577691800398FD0 /* Assets.xcassets in Resources */,
			);
			runOnlyForDeploymentPostprocessing = 0;
		};
		6CFC22EE2577691800398FD0 /* Resources */ = {
			isa = PBXResourcesBuildPhase;
			buildActionMask = 2147483647;
			files = (
			);
			runOnlyForDeploymentPostprocessing = 0;
		};
		6CFC22F92577691800398FD0 /* Resources */ = {
			isa = PBXResourcesBuildPhase;
			buildActionMask = 2147483647;
			files = (
			);
			runOnlyForDeploymentPostprocessing = 0;
		};
/* End PBXResourcesBuildPhase section */

/* Begin PBXShellScriptBuildPhase section */
		4A8AEBADA0968DDCC4D1ABC5 /* [CP] Check Pods Manifest.lock */ = {
			isa = PBXShellScriptBuildPhase;
			buildActionMask = 2147483647;
			files = (
			);
			inputFileListPaths = (
			);
			inputPaths = (
				"${PODS_PODFILE_DIR_PATH}/Podfile.lock",
				"${PODS_ROOT}/Manifest.lock",
			);
			name = "[CP] Check Pods Manifest.lock";
			outputFileListPaths = (
			);
			outputPaths = (
				"$(DERIVED_FILE_DIR)/Pods-GoRead-checkManifestLockResult.txt",
			);
			runOnlyForDeploymentPostprocessing = 0;
			shellPath = /bin/sh;
			shellScript = "diff \"${PODS_PODFILE_DIR_PATH}/Podfile.lock\" \"${PODS_ROOT}/Manifest.lock\" > /dev/null\nif [ $? != 0 ] ; then\n    # print error to STDERR\n    echo \"error: The sandbox is not in sync with the Podfile.lock. Run 'pod install' or update your CocoaPods installation.\" >&2\n    exit 1\nfi\n# This output is used by Xcode 'outputs' to avoid re-running this script phase.\necho \"SUCCESS\" > \"${SCRIPT_OUTPUT_FILE_0}\"\n";
			showEnvVarsInLog = 0;
		};
		FAD3651778FC63454BC20EE6 /* [CP] Embed Pods Frameworks */ = {
			isa = PBXShellScriptBuildPhase;
			buildActionMask = 2147483647;
			files = (
			);
			inputFileListPaths = (
				"${PODS_ROOT}/Target Support Files/Pods-GoRead/Pods-GoRead-frameworks-${CONFIGURATION}-input-files.xcfilelist",
			);
			name = "[CP] Embed Pods Frameworks";
			outputFileListPaths = (
				"${PODS_ROOT}/Target Support Files/Pods-GoRead/Pods-GoRead-frameworks-${CONFIGURATION}-output-files.xcfilelist",
			);
			runOnlyForDeploymentPostprocessing = 0;
			shellPath = /bin/sh;
			shellScript = "\"${PODS_ROOT}/Target Support Files/Pods-GoRead/Pods-GoRead-frameworks.sh\"\n";
			showEnvVarsInLog = 0;
		};
/* End PBXShellScriptBuildPhase section */

/* Begin PBXSourcesBuildPhase section */
		6CFC22D62577691600398FD0 /* Sources */ = {
			isa = PBXSourcesBuildPhase;
			buildActionMask = 2147483647;
			files = (
				6CC4EBD225B9256B0003750D /* ViewController.swift in Sources */,
				6CFD23FF2588A52800288BA8 /* NetworkAPI.swift in Sources */,
				6CD3ACE125C2B061008F9C57 /* Networking.swift in Sources */,
				6C655A0925B56AEA002910C4 /* HomeTabBarController.swift in Sources */,
				6CFD23F42588A4E900288BA8 /* Macros.swift in Sources */,
				6CFD24012588A52800288BA8 /* APIProtocol.swift in Sources */,
				6C655A1F25B57E82002910C4 /* NavigationController.swift in Sources */,
				6C655A0F25B56B9D002910C4 /* ViewModel.swift in Sources */,
				6C655A0125B56587002910C4 /* Navigator.swift in Sources */,
				6C66ABC425809F130096D6F3 /* PeopleListViewModel.swift in Sources */,
				6C66ABC925809F280096D6F3 /* PeopleModel.swift in Sources */,
				6CC4EC0825BE9CAF0003750D /* Category.swift in Sources */,
				6CFC22DE2577691600398FD0 /* AppDelegate.swift in Sources */,
				6CFD23EE2587688600288BA8 /* NetworkReachability.swift in Sources */,
				6C655A1725B56BC7002910C4 /* HomeTabBarViewModel.swift in Sources */,
			);
			runOnlyForDeploymentPostprocessing = 0;
		};
		6CFC22EC2577691800398FD0 /* Sources */ = {
			isa = PBXSourcesBuildPhase;
			buildActionMask = 2147483647;
			files = (
				6CFC22F52577691800398FD0 /* GoReadTests.swift in Sources */,
			);
			runOnlyForDeploymentPostprocessing = 0;
		};
		6CFC22F72577691800398FD0 /* Sources */ = {
			isa = PBXSourcesBuildPhase;
			buildActionMask = 2147483647;
			files = (
				6CFC23002577691800398FD0 /* GoReadUITests.swift in Sources */,
			);
			runOnlyForDeploymentPostprocessing = 0;
		};
/* End PBXSourcesBuildPhase section */

/* Begin PBXTargetDependency section */
		6CFC22F22577691800398FD0 /* PBXTargetDependency */ = {
			isa = PBXTargetDependency;
			target = 6CFC22D92577691600398FD0 /* GoRead */;
			targetProxy = 6CFC22F12577691800398FD0 /* PBXContainerItemProxy */;
		};
		6CFC22FD2577691800398FD0 /* PBXTargetDependency */ = {
			isa = PBXTargetDependency;
			target = 6CFC22D92577691600398FD0 /* GoRead */;
			targetProxy = 6CFC22FC2577691800398FD0 /* PBXContainerItemProxy */;
		};
/* End PBXTargetDependency section */

/* Begin PBXVariantGroup section */
		6CFC22E82577691800398FD0 /* LaunchScreen.storyboard */ = {
			isa = PBXVariantGroup;
			children = (
				6CFC22E92577691800398FD0 /* Base */,
			);
			name = LaunchScreen.storyboard;
			sourceTree = "<group>";
		};
/* End PBXVariantGroup section */

/* Begin XCBuildConfiguration section */
		6CFC23022577691800398FD0 /* Debug */ = {
			isa = XCBuildConfiguration;
			buildSettings = {
				ALWAYS_SEARCH_USER_PATHS = NO;
				CLANG_ANALYZER_NONNULL = YES;
				CLANG_ANALYZER_NUMBER_OBJECT_CONVERSION = YES_AGGRESSIVE;
				CLANG_CXX_LANGUAGE_STANDARD = "gnu++14";
				CLANG_CXX_LIBRARY = "libc++";
				CLANG_ENABLE_MODULES = YES;
				CLANG_ENABLE_OBJC_ARC = YES;
				CLANG_ENABLE_OBJC_WEAK = YES;
				CLANG_WARN_BLOCK_CAPTURE_AUTORELEASING = YES;
				CLANG_WARN_BOOL_CONVERSION = YES;
				CLANG_WARN_COMMA = YES;
				CLANG_WARN_CONSTANT_CONVERSION = YES;
				CLANG_WARN_DEPRECATED_OBJC_IMPLEMENTATIONS = YES;
				CLANG_WARN_DIRECT_OBJC_ISA_USAGE = YES_ERROR;
				CLANG_WARN_DOCUMENTATION_COMMENTS = YES;
				CLANG_WARN_EMPTY_BODY = YES;
				CLANG_WARN_ENUM_CONVERSION = YES;
				CLANG_WARN_INFINITE_RECURSION = YES;
				CLANG_WARN_INT_CONVERSION = YES;
				CLANG_WARN_NON_LITERAL_NULL_CONVERSION = YES;
				CLANG_WARN_OBJC_IMPLICIT_RETAIN_SELF = YES;
				CLANG_WARN_OBJC_LITERAL_CONVERSION = YES;
				CLANG_WARN_OBJC_ROOT_CLASS = YES_ERROR;
				CLANG_WARN_QUOTED_INCLUDE_IN_FRAMEWORK_HEADER = YES;
				CLANG_WARN_RANGE_LOOP_ANALYSIS = YES;
				CLANG_WARN_STRICT_PROTOTYPES = YES;
				CLANG_WARN_SUSPICIOUS_MOVE = YES;
				CLANG_WARN_UNGUARDED_AVAILABILITY = YES_AGGRESSIVE;
				CLANG_WARN_UNREACHABLE_CODE = YES;
				CLANG_WARN__DUPLICATE_METHOD_MATCH = YES;
				COPY_PHASE_STRIP = NO;
				DEBUG_INFORMATION_FORMAT = dwarf;
				ENABLE_STRICT_OBJC_MSGSEND = YES;
				ENABLE_TESTABILITY = YES;
				GCC_C_LANGUAGE_STANDARD = gnu11;
				GCC_DYNAMIC_NO_PIC = NO;
				GCC_NO_COMMON_BLOCKS = YES;
				GCC_OPTIMIZATION_LEVEL = 0;
				GCC_PREPROCESSOR_DEFINITIONS = (
					"DEBUG=1",
					"$(inherited)",
				);
				GCC_WARN_64_TO_32_BIT_CONVERSION = YES;
				GCC_WARN_ABOUT_RETURN_TYPE = YES_ERROR;
				GCC_WARN_UNDECLARED_SELECTOR = YES;
				GCC_WARN_UNINITIALIZED_AUTOS = YES_AGGRESSIVE;
				GCC_WARN_UNUSED_FUNCTION = YES;
				GCC_WARN_UNUSED_VARIABLE = YES;
				IPHONEOS_DEPLOYMENT_TARGET = 14.2;
				MTL_ENABLE_DEBUG_INFO = INCLUDE_SOURCE;
				MTL_FAST_MATH = YES;
				ONLY_ACTIVE_ARCH = YES;
				SDKROOT = iphoneos;
				SWIFT_ACTIVE_COMPILATION_CONDITIONS = DEBUG;
				SWIFT_OPTIMIZATION_LEVEL = "-Onone";
			};
			name = Debug;
		};
		6CFC23032577691800398FD0 /* Release */ = {
			isa = XCBuildConfiguration;
			buildSettings = {
				ALWAYS_SEARCH_USER_PATHS = NO;
				CLANG_ANALYZER_NONNULL = YES;
				CLANG_ANALYZER_NUMBER_OBJECT_CONVERSION = YES_AGGRESSIVE;
				CLANG_CXX_LANGUAGE_STANDARD = "gnu++14";
				CLANG_CXX_LIBRARY = "libc++";
				CLANG_ENABLE_MODULES = YES;
				CLANG_ENABLE_OBJC_ARC = YES;
				CLANG_ENABLE_OBJC_WEAK = YES;
				CLANG_WARN_BLOCK_CAPTURE_AUTORELEASING = YES;
				CLANG_WARN_BOOL_CONVERSION = YES;
				CLANG_WARN_COMMA = YES;
				CLANG_WARN_CONSTANT_CONVERSION = YES;
				CLANG_WARN_DEPRECATED_OBJC_IMPLEMENTATIONS = YES;
				CLANG_WARN_DIRECT_OBJC_ISA_USAGE = YES_ERROR;
				CLANG_WARN_DOCUMENTATION_COMMENTS = YES;
				CLANG_WARN_EMPTY_BODY = YES;
				CLANG_WARN_ENUM_CONVERSION = YES;
				CLANG_WARN_INFINITE_RECURSION = YES;
				CLANG_WARN_INT_CONVERSION = YES;
				CLANG_WARN_NON_LITERAL_NULL_CONVERSION = YES;
				CLANG_WARN_OBJC_IMPLICIT_RETAIN_SELF = YES;
				CLANG_WARN_OBJC_LITERAL_CONVERSION = YES;
				CLANG_WARN_OBJC_ROOT_CLASS = YES_ERROR;
				CLANG_WARN_QUOTED_INCLUDE_IN_FRAMEWORK_HEADER = YES;
				CLANG_WARN_RANGE_LOOP_ANALYSIS = YES;
				CLANG_WARN_STRICT_PROTOTYPES = YES;
				CLANG_WARN_SUSPICIOUS_MOVE = YES;
				CLANG_WARN_UNGUARDED_AVAILABILITY = YES_AGGRESSIVE;
				CLANG_WARN_UNREACHABLE_CODE = YES;
				CLANG_WARN__DUPLICATE_METHOD_MATCH = YES;
				COPY_PHASE_STRIP = NO;
				DEBUG_INFORMATION_FORMAT = "dwarf-with-dsym";
				ENABLE_NS_ASSERTIONS = NO;
				ENABLE_STRICT_OBJC_MSGSEND = YES;
				GCC_C_LANGUAGE_STANDARD = gnu11;
				GCC_NO_COMMON_BLOCKS = YES;
				GCC_WARN_64_TO_32_BIT_CONVERSION = YES;
				GCC_WARN_ABOUT_RETURN_TYPE = YES_ERROR;
				GCC_WARN_UNDECLARED_SELECTOR = YES;
				GCC_WARN_UNINITIALIZED_AUTOS = YES_AGGRESSIVE;
				GCC_WARN_UNUSED_FUNCTION = YES;
				GCC_WARN_UNUSED_VARIABLE = YES;
				IPHONEOS_DEPLOYMENT_TARGET = 14.2;
				MTL_ENABLE_DEBUG_INFO = NO;
				MTL_FAST_MATH = YES;
				SDKROOT = iphoneos;
				SWIFT_COMPILATION_MODE = wholemodule;
				SWIFT_OPTIMIZATION_LEVEL = "-O";
				VALIDATE_PRODUCT = YES;
			};
			name = Release;
		};
		6CFC23052577691800398FD0 /* Debug */ = {
			isa = XCBuildConfiguration;
			baseConfigurationReference = 437318962E66D7A0A14758F9 /* Pods-GoRead.debug.xcconfig */;
			buildSettings = {
				ASSETCATALOG_COMPILER_APPICON_NAME = AppIcon;
				ASSETCATALOG_COMPILER_GLOBAL_ACCENT_COLOR_NAME = AccentColor;
				CODE_SIGN_STYLE = Automatic;
				INFOPLIST_FILE = GoRead/Resource/Info.plist;
				IPHONEOS_DEPLOYMENT_TARGET = 9.0;
				LD_RUNPATH_SEARCH_PATHS = (
					"$(inherited)",
					"@executable_path/Frameworks",
				);
				PRODUCT_BUNDLE_IDENTIFIER = xiangxiaopenyou.GoRead;
				PRODUCT_NAME = "$(TARGET_NAME)";
				SWIFT_VERSION = 5.0;
				TARGETED_DEVICE_FAMILY = "1,2";
			};
			name = Debug;
		};
		6CFC23062577691800398FD0 /* Release */ = {
			isa = XCBuildConfiguration;
			baseConfigurationReference = 6AA5067F4EA58B653357365D /* Pods-GoRead.release.xcconfig */;
			buildSettings = {
				ASSETCATALOG_COMPILER_APPICON_NAME = AppIcon;
				ASSETCATALOG_COMPILER_GLOBAL_ACCENT_COLOR_NAME = AccentColor;
				CODE_SIGN_STYLE = Automatic;
				INFOPLIST_FILE = GoRead/Resource/Info.plist;
				IPHONEOS_DEPLOYMENT_TARGET = 9.0;
				LD_RUNPATH_SEARCH_PATHS = (
					"$(inherited)",
					"@executable_path/Frameworks",
				);
				PRODUCT_BUNDLE_IDENTIFIER = xiangxiaopenyou.GoRead;
				PRODUCT_NAME = "$(TARGET_NAME)";
				SWIFT_VERSION = 5.0;
				TARGETED_DEVICE_FAMILY = "1,2";
			};
			name = Release;
		};
		6CFC23082577691800398FD0 /* Debug */ = {
			isa = XCBuildConfiguration;
			buildSettings = {
				ALWAYS_EMBED_SWIFT_STANDARD_LIBRARIES = YES;
				BUNDLE_LOADER = "$(TEST_HOST)";
				CODE_SIGN_STYLE = Automatic;
				INFOPLIST_FILE = GoReadTests/Info.plist;
				IPHONEOS_DEPLOYMENT_TARGET = 14.2;
				LD_RUNPATH_SEARCH_PATHS = (
					"$(inherited)",
					"@executable_path/Frameworks",
					"@loader_path/Frameworks",
				);
				PRODUCT_BUNDLE_IDENTIFIER = xiangxiaopenyou.GoReadTests;
				PRODUCT_NAME = "$(TARGET_NAME)";
				SWIFT_VERSION = 5.0;
				TARGETED_DEVICE_FAMILY = "1,2";
				TEST_HOST = "$(BUILT_PRODUCTS_DIR)/GoRead.app/GoRead";
			};
			name = Debug;
		};
		6CFC23092577691800398FD0 /* Release */ = {
			isa = XCBuildConfiguration;
			buildSettings = {
				ALWAYS_EMBED_SWIFT_STANDARD_LIBRARIES = YES;
				BUNDLE_LOADER = "$(TEST_HOST)";
				CODE_SIGN_STYLE = Automatic;
				INFOPLIST_FILE = GoReadTests/Info.plist;
				IPHONEOS_DEPLOYMENT_TARGET = 14.2;
				LD_RUNPATH_SEARCH_PATHS = (
					"$(inherited)",
					"@executable_path/Frameworks",
					"@loader_path/Frameworks",
				);
				PRODUCT_BUNDLE_IDENTIFIER = xiangxiaopenyou.GoReadTests;
				PRODUCT_NAME = "$(TARGET_NAME)";
				SWIFT_VERSION = 5.0;
				TARGETED_DEVICE_FAMILY = "1,2";
				TEST_HOST = "$(BUILT_PRODUCTS_DIR)/GoRead.app/GoRead";
			};
			name = Release;
		};
		6CFC230B2577691800398FD0 /* Debug */ = {
			isa = XCBuildConfiguration;
			buildSettings = {
				ALWAYS_EMBED_SWIFT_STANDARD_LIBRARIES = YES;
				CODE_SIGN_STYLE = Automatic;
				INFOPLIST_FILE = GoReadUITests/Info.plist;
				LD_RUNPATH_SEARCH_PATHS = (
					"$(inherited)",
					"@executable_path/Frameworks",
					"@loader_path/Frameworks",
				);
				PRODUCT_BUNDLE_IDENTIFIER = xiangxiaopenyou.GoReadUITests;
				PRODUCT_NAME = "$(TARGET_NAME)";
				SWIFT_VERSION = 5.0;
				TARGETED_DEVICE_FAMILY = "1,2";
				TEST_TARGET_NAME = GoRead;
			};
			name = Debug;
		};
		6CFC230C2577691800398FD0 /* Release */ = {
			isa = XCBuildConfiguration;
			buildSettings = {
				ALWAYS_EMBED_SWIFT_STANDARD_LIBRARIES = YES;
				CODE_SIGN_STYLE = Automatic;
				INFOPLIST_FILE = GoReadUITests/Info.plist;
				LD_RUNPATH_SEARCH_PATHS = (
					"$(inherited)",
					"@executable_path/Frameworks",
					"@loader_path/Frameworks",
				);
				PRODUCT_BUNDLE_IDENTIFIER = xiangxiaopenyou.GoReadUITests;
				PRODUCT_NAME = "$(TARGET_NAME)";
				SWIFT_VERSION = 5.0;
				TARGETED_DEVICE_FAMILY = "1,2";
				TEST_TARGET_NAME = GoRead;
			};
			name = Release;
		};
/* End XCBuildConfiguration section */

/* Begin XCConfigurationList section */
		6CFC22D52577691600398FD0 /* Build configuration list for PBXProject "GoRead" */ = {
			isa = XCConfigurationList;
			buildConfigurations = (
				6CFC23022577691800398FD0 /* Debug */,
				6CFC23032577691800398FD0 /* Release */,
			);
			defaultConfigurationIsVisible = 0;
			defaultConfigurationName = Release;
		};
		6CFC23042577691800398FD0 /* Build configuration list for PBXNativeTarget "GoRead" */ = {
			isa = XCConfigurationList;
			buildConfigurations = (
				6CFC23052577691800398FD0 /* Debug */,
				6CFC23062577691800398FD0 /* Release */,
			);
			defaultConfigurationIsVisible = 0;
			defaultConfigurationName = Release;
		};
		6CFC23072577691800398FD0 /* Build configuration list for PBXNativeTarget "GoReadTests" */ = {
			isa = XCConfigurationList;
			buildConfigurations = (
				6CFC23082577691800398FD0 /* Debug */,
				6CFC23092577691800398FD0 /* Release */,
			);
			defaultConfigurationIsVisible = 0;
			defaultConfigurationName = Release;
		};
		6CFC230A2577691800398FD0 /* Build configuration list for PBXNativeTarget "GoReadUITests" */ = {
			isa = XCConfigurationList;
			buildConfigurations = (
				6CFC230B2577691800398FD0 /* Debug */,
				6CFC230C2577691800398FD0 /* Release */,
			);
			defaultConfigurationIsVisible = 0;
			defaultConfigurationName = Release;
		};
/* End XCConfigurationList section */
	};
	rootObject = 6CFC22D22577691600398FD0 /* Project object */;
}
